
Microsoft Visual Studio Solution File, Format Version 12.00
# Visual Studio Version 17
VisualStudioVersion = 17.4.33110.190
MinimumVisualStudioVersion = 10.0.40219.1
Project("{FAE04EC0-301F-11D3-BF4B-00C04F79EFBC}") = "EditorConfigGuidelines", "EditorConfigGuidelines\EditorConfigGuidelines.csproj", "{FF2B264E-A4FA-4568-97C9-431E2B03DD06}"
EndProject
Project("{2150E333-8FDC-42A3-9474-1A3956D46DE8}") = "Solution Items", "Solution Items", "{1D6BA700-74EE-491A-8B46-693E13D6A1D5}"
	ProjectSection(SolutionItems) = preProject
		.editorconfig = .editorconfig
	EndProjectSection
EndProject
Global
	GlobalSection(SolutionConfigurationPlatforms) = preSolution
		Debug|Any CPU = Debug|Any CPU
		Debug|arm64 = Debug|arm64
		Debug|x86 = Debug|x86
		Release|Any CPU = Release|Any CPU
		Release|arm64 = Release|arm64
		Release|x86 = Release|x86
	EndGlobalSection
	GlobalSection(ProjectConfigurationPlatforms) = postSolution
		{FF2B264E-A4FA-4568-97C9-431E2B03DD06}.Debug|Any CPU.ActiveCfg = Debug|Any CPU
		{FF2B264E-A4FA-4568-97C9-431E2B03DD06}.Debug|Any CPU.Build.0 = Debug|Any CPU
		{FF2B264E-A4FA-4568-97C9-431E2B03DD06}.Debug|arm64.ActiveCfg = Debug|arm64
		{FF2B264E-A4FA-4568-97C9-431E2B03DD06}.Debug|arm64.Build.0 = Debug|arm64
		{FF2B264E-A4FA-4568-97C9-431E2B03DD06}.Debug|x86.ActiveCfg = Debug|x86
		{FF2B264E-A4FA-4568-97C9-431E2B03DD06}.Debug|x86.Build.0 = Debug|x86
		{FF2B264E-A4FA-4568-97C9-431E2B03DD06}.Release|Any CPU.ActiveCfg = Release|Any CPU
		{FF2B264E-A4FA-4568-97C9-431E2B03DD06}.Release|Any CPU.Build.0 = Release|Any CPU
		{FF2B264E-A4FA-4568-97C9-431E2B03DD06}.Release|arm64.ActiveCfg = Release|arm64
		{FF2B264E-A4FA-4568-97C9-431E2B03DD06}.Release|arm64.Build.0 = Release|arm64
		{FF2B264E-A4FA-4568-97C9-431E2B03DD06}.Release|x86.ActiveCfg = Release|x86
		{FF2B264E-A4FA-4568-97C9-431E2B03DD06}.Release|x86.Build.0 = Release|x86
	EndGlobalSection
	GlobalSection(SolutionProperties) = preSolution
		HideSolutionNode = FALSE
	EndGlobalSection
	GlobalSection(ExtensibilityGlobals) = postSolution
		SolutionGuid = {8A0821AF-986A-4BB5-81C5-4467FECEEF74}
	EndGlobalSection
EndGlobal
