
Microsoft Visual Studio Solution File, Format Version 12.00
# Visual Studio Version 17
VisualStudioVersion = 17.4.33110.190
MinimumVisualStudioVersion = 10.0.40219.1
Project("{FAE04EC0-301F-11D3-BF4B-00C04F79EFBC}") = "EditorConfigGuidelines", "EditorConfigGuidelines\EditorConfigGuidelines.csproj", "{FF2B264E-A4FA-4568-97C9-431E2B03DD06}"
EndProject
Project("{2150E333-8FDC-42A3-9474-1A3956D46DE8}") = "Solution Items", "Solution Items", "{1D6BA700-74EE-491A-8B46-693E13D6A1D5}"
	ProjectSection(SolutionItems) = preProject
		.editorconfig = .editorconfig
	EndProjectSection
EndProject
Project("{2150E333-8FDC-42A3-9474-1A3956D46DE8}") = "art", "art", "{2BE936B8-E138-4C8F-8A2E-FF9224F11ACB}"
	ProjectSection(SolutionItems) = preProject
		art\icon.svg = art\icon.svg
		art\preview-1.png = art\preview-1.png
		art\preview-2.png = art\preview-2.png
	EndProjectSection
EndProject
Global
	GlobalSection(SolutionConfigurationPlatforms) = preSolution
		Debug|Any CPU = Debug|Any CPU
		Release|Any CPU = Release|Any CPU
	EndGlobalSection
	GlobalSection(ProjectConfigurationPlatforms) = postSolution
		{FF2B264E-A4FA-4568-97C9-431E2B03DD06}.Debug|Any CPU.ActiveCfg = Debug|Any CPU
		{FF2B264E-A4FA-4568-97C9-431E2B03DD06}.Debug|Any CPU.Build.0 = Debug|Any CPU
		{FF2B264E-A4FA-4568-97C9-431E2B03DD06}.Release|Any CPU.ActiveCfg = Release|Any CPU
		{FF2B264E-A4FA-4568-97C9-431E2B03DD06}.Release|Any CPU.Build.0 = Release|Any CPU
	EndGlobalSection
	GlobalSection(SolutionProperties) = preSolution
		HideSolutionNode = FALSE
	EndGlobalSection
	GlobalSection(NestedProjects) = preSolution
		{2BE936B8-E138-4C8F-8A2E-FF9224F11ACB} = {1D6BA700-74EE-491A-8B46-693E13D6A1D5}
	EndGlobalSection
	GlobalSection(ExtensibilityGlobals) = postSolution
		SolutionGuid = {8A0821AF-986A-4BB5-81C5-4467FECEEF74}
	EndGlobalSection
EndGlobal
